{
  "name": "getdoctors",
  "version": "1.0.0",
  "lockfileVersion": 1,
  "requires": true,
  "dependencies": {
    "font-awesome": {
      "version": "https://registry.npmjs.org/font-awesome/-/font-awesome-4.7.0.tgz",
      "integrity": "sha1-j6jPBBGhoxr9B7BtKQK7n8gVoTM="
    },
    "jquery": {
      "version": "3.2.1",
      "resolved": "https://registry.npmjs.org/jquery/-/jquery-3.2.1.tgz",
      "integrity": "sha1-XE2d5lKvbNCncBVKYxu6ErAVx4c="
    },
    "jquery-mask-plugin": {
      "version": "1.14.11",
      "resolved": "https://registry.npmjs.org/jquery-mask-plugin/-/jquery-mask-plugin-1.14.11.tgz",
      "integrity": "sha1-V7pZhBavbqe6kzbqyyob8O27ods="
    },
    "jquery-typeahead": {
      "version": "https://registry.npmjs.org/jquery-typeahead/-/jquery-typeahead-2.8.0.tgz",
      "integrity": "sha1-axMPHIRVB/6DDRh410yhs1z339g=",
      "requires": {
        "jquery": "3.2.1",
        "lz-string": "https://registry.npmjs.org/lz-string/-/lz-string-1.4.4.tgz"
      }
    },
    "lz-string": {
      "version": "https://registry.npmjs.org/lz-string/-/lz-string-1.4.4.tgz",
      "integrity": "sha1-wNjq82BZ9wV5bh40SBHPTEmNOiY="
    }
  }
}
